
Microsoft Visual Studio Solution File, Format Version 12.00
# Visual Studio Version 17
VisualStudioVersion = 17.3.32825.248
MinimumVisualStudioVersion = 10.0.40219.1
Project("{9A19103F-16F7-4668-BE54-9A1E7A4F7556}") = "CallCenter", "CallCenter\CallCenter.csproj", "{70E66B95-DCEE-457A-ABFE-0B9E475E9461}"
EndProject
Global
	GlobalSection(SolutionConfigurationPlatforms) = preSolution
		Debug|Any CPU = Debug|Any CPU
		Release|Any CPU = Release|Any CPU
	EndGlobalSection
	GlobalSection(ProjectConfigurationPlatforms) = postSolution
		{70E66B95-DCEE-457A-ABFE-0B9E475E9461}.Debug|Any CPU.ActiveCfg = Debug|Any CPU
		{70E66B95-DCEE-457A-ABFE-0B9E475E9461}.Debug|Any CPU.Build.0 = Debug|Any CPU
		{70E66B95-DCEE-457A-ABFE-0B9E475E9461}.Release|Any CPU.ActiveCfg = Release|Any CPU
		{70E66B95-DCEE-457A-ABFE-0B9E475E9461}.Release|Any CPU.Build.0 = Release|Any CPU
	EndGlobalSection
	GlobalSection(SolutionProperties) = preSolution
		HideSolutionNode = FALSE
	EndGlobalSection
	GlobalSection(ExtensibilityGlobals) = postSolution
		SolutionGuid = {C46A2389-6ECF-4D11-8A61-E55616A2AEA6}
	EndGlobalSection
EndGlobal
